Microsoft Visual Studio Solution File, Format Version 12.00
# Visual Studio Version 17
VisualStudioVersion = 17.13.35828.75
MinimumVisualStudioVersion = 10.0.40219.1
Project("{FAE04EC0-301F-11D3-BF4B-00C04F79EFBC}") = "AuthenticarionsApp", "AuthenticarionsApp.csproj", "{71AC1075-048D-49FF-8962-1E90795CB79C}"
EndProject
Global
	GlobalSection(SolutionConfigurationPlatforms) = preSolution
		Debug|Any CPU = Debug|Any CPU
		Release|Any CPU = Release|Any CPU
	EndGlobalSection
	GlobalSection(ProjectConfigurationPlatforms) = postSolution
		{71AC1075-048D-49FF-8962-1E90795CB79C}.Debug|Any CPU.ActiveCfg = Debug|Any CPU
		{71AC1075-048D-49FF-8962-1E90795CB79C}.Debug|Any CPU.Build.0 = Debug|Any CPU
		{71AC1075-048D-49FF-8962-1E90795CB79C}.Release|Any CPU.ActiveCfg = Release|Any CPU
		{71AC1075-048D-49FF-8962-1E90795CB79C}.Release|Any CPU.Build.0 = Release|Any CPU
	EndGlobalSection
	GlobalSection(SolutionProperties) = preSolution
		HideSolutionNode = FALSE
	EndGlobalSection
	GlobalSection(ExtensibilityGlobals) = postSolution
		SolutionGuid = {C24C4261-9EEA-49FB-9691-402BC496B156}
	EndGlobalSection
EndGlobal
